{
  "name": "external_module",
  "version": "1.0.0",
  "lockfileVersion": 3,
  "requires": true,
  "packages": {
    "": {
      "name": "external_module",
      "version": "1.0.0",
      "license": "ISC",
      "dependencies": {
        "movies-names": "^1.1.1",
        "random-fruits": "^0.2.1"
      }
    },
    "node_modules/lodash": {
      "version": "4.17.15",
      "resolved": "https://registry.npmjs.org/lodash/-/lodash-4.17.15.tgz",
      "integrity": "sha512-8xOcRHvCjnocdS5cpwXQXVzmmh5e5+saE2QGoeQmbKmRS6J3VQppPOIt0MnmE+4xlZoumy0GPG0D0MVIQbNA1A==",
      "license": "MIT"
    },
    "node_modules/movies-names": {
      "version": "1.1.1",
      "resolved": "https://registry.npmjs.org/movies-names/-/movies-names-1.1.1.tgz",
      "integrity": "sha512-TT9GoxZXJp/HeapCMLO7Urbtux6ImyrAvpxnDH6mGruNCaCanC1HGcoc/z69XfTmctvOmYmR3HJNg8VlT/XSdg==",
      "license": "MIT",
      "dependencies": {
        "unique-random-array": "^2.0.0"
      }
    },
    "node_modules/random-fruits": {
      "version": "0.2.1",
      "resolved": "https://registry.npmjs.org/random-fruits/-/random-fruits-0.2.1.tgz",
      "integrity": "sha512-rSho2wxxaE6akE6f72N78EfOSrxpYrJjnKBjKhyD9aVKzm0Qj5HJNKE90WWRfczkkZJmqXbX4DDzBbXT638rbQ==",
      "license": "MIT",
      "dependencies": {
        "lodash": "4.17.15"
      },
      "engines": {
        "node": ">= 8"
      }
    },
    "node_modules/unique-random": {
      "version": "2.1.0",
      "resolved": "https://registry.npmjs.org/unique-random/-/unique-random-2.1.0.tgz",
      "integrity": "sha512-iQ1ZgWac3b8YxGThecQFRQiqgk6xFERRwHZIWeVVsqlbmgCRl0PY13R4mUkodNgctmg5b5odG1nyW/IbOxQTqg==",
      "license": "MIT",
      "engines": {
        "node": ">=6"
      }
    },
    "node_modules/unique-random-array": {
      "version": "2.0.0",
      "resolved": "https://registry.npmjs.org/unique-random-array/-/unique-random-array-2.0.0.tgz",
      "integrity": "sha512-xR87O95fZ7hljw84J8r1YDXrvffPLWN513BNOP4Bv0KcgG5dyEUrHwsvP7mVAOKg4Y80uqRbpUk0GKr8il70qg==",
      "license": "MIT",
      "dependencies": {
        "unique-random": "^2.1.0"
      },
      "engines": {
        "node": ">=8"
      }
    }
  }
}
